
Microsoft Visual Studio Solution File, Format Version 12.00
# Visual Studio 14
VisualStudioVersion = 14.0.25123.0
MinimumVisualStudioVersion = 10.0.40219.1
Project("{FAE04EC0-301F-11D3-BF4B-00C04F79EFBC}") = "BasicExample", "BasicExample\BasicExample.csproj", "{F8CB428B-E129-4283-9852-1FC5E826D9E2}"
EndProject
Project("{2150E333-8FDC-42A3-9474-1A3956D46DE8}") = "Basic", "Basic", "{FCA4C3B9-8F1F-48A6-91BB-3B658BEBA6F4}"
EndProject
Project("{2150E333-8FDC-42A3-9474-1A3956D46DE8}") = "Custom", "Custom", "{1E6B5FA9-8C8E-4C68-B76D-4CF3999A1318}"
EndProject
Project("{FAE04EC0-301F-11D3-BF4B-00C04F79EFBC}") = "OrderVehicle", "OrderVehicle\OrderVehicle.csproj", "{51E76F9D-9035-4AFC-973E-B37BC472BF9C}"
EndProject
Project("{FAE04EC0-301F-11D3-BF4B-00C04F79EFBC}") = "Common", "Common\Common.csproj", "{B3CA7A14-7246-425F-B55A-5783FBA7F176}"
EndProject
Project("{FAE04EC0-301F-11D3-BF4B-00C04F79EFBC}") = "DAL", "DAL\DAL.csproj", "{CABAC9B1-36CC-410C-9DFF-5D114BDA71FA}"
EndProject
Project("{FAE04EC0-301F-11D3-BF4B-00C04F79EFBC}") = "Domain", "Domain\Domain.csproj", "{370452DC-0BC0-4EB0-9E69-60FAD3B57D4D}"
EndProject
Project("{FAE04EC0-301F-11D3-BF4B-00C04F79EFBC}") = "Helpers", "Helpers\Helpers.csproj", "{871154D7-75F4-481F-B64A-96FA1D7DD735}"
EndProject
Project("{FAE04EC0-301F-11D3-BF4B-00C04F79EFBC}") = "Infrastructure", "Infrastructure\Infrastructure.csproj", "{C2CBDDF1-574D-4CA9-8F5D-EA14DDAF50C1}"
EndProject
Project("{FAE04EC0-301F-11D3-BF4B-00C04F79EFBC}") = "Contracts", "Contracts\Contracts.csproj", "{2BF4A0EF-3B84-4010-98E5-CC1A6A3A53C7}"
EndProject
Project("{FAE04EC0-301F-11D3-BF4B-00C04F79EFBC}") = "Services", "Services\Services.csproj", "{DA4BCDB3-2F73-45AE-9A57-FADF9E625FCF}"
EndProject
Project("{FAE04EC0-301F-11D3-BF4B-00C04F79EFBC}") = "ActivityLibrary", "ActivityLibrary\ActivityLibrary.csproj", "{3CC749AB-5282-4116-91C4-502337AB307A}"
EndProject
Global
	GlobalSection(SolutionConfigurationPlatforms) = preSolution
		Debug|Any CPU = Debug|Any CPU
		Debug|x86 = Debug|x86
		Release|Any CPU = Release|Any CPU
		Release|x86 = Release|x86
	EndGlobalSection
	GlobalSection(ProjectConfigurationPlatforms) = postSolution
		{F8CB428B-E129-4283-9852-1FC5E826D9E2}.Debug|Any CPU.ActiveCfg = Debug|x86
		{F8CB428B-E129-4283-9852-1FC5E826D9E2}.Debug|x86.ActiveCfg = Debug|x86
		{F8CB428B-E129-4283-9852-1FC5E826D9E2}.Debug|x86.Build.0 = Debug|x86
		{F8CB428B-E129-4283-9852-1FC5E826D9E2}.Release|Any CPU.ActiveCfg = Release|x86
		{F8CB428B-E129-4283-9852-1FC5E826D9E2}.Release|x86.ActiveCfg = Release|x86
		{F8CB428B-E129-4283-9852-1FC5E826D9E2}.Release|x86.Build.0 = Release|x86
		{51E76F9D-9035-4AFC-973E-B37BC472BF9C}.Debug|Any CPU.ActiveCfg = Debug|Any CPU
		{51E76F9D-9035-4AFC-973E-B37BC472BF9C}.Debug|Any CPU.Build.0 = Debug|Any CPU
		{51E76F9D-9035-4AFC-973E-B37BC472BF9C}.Debug|x86.ActiveCfg = Debug|Any CPU
		{51E76F9D-9035-4AFC-973E-B37BC472BF9C}.Debug|x86.Build.0 = Debug|Any CPU
		{51E76F9D-9035-4AFC-973E-B37BC472BF9C}.Release|Any CPU.ActiveCfg = Release|Any CPU
		{51E76F9D-9035-4AFC-973E-B37BC472BF9C}.Release|Any CPU.Build.0 = Release|Any CPU
		{51E76F9D-9035-4AFC-973E-B37BC472BF9C}.Release|x86.ActiveCfg = Release|Any CPU
		{51E76F9D-9035-4AFC-973E-B37BC472BF9C}.Release|x86.Build.0 = Release|Any CPU
		{B3CA7A14-7246-425F-B55A-5783FBA7F176}.Debug|Any CPU.ActiveCfg = Debug|Any CPU
		{B3CA7A14-7246-425F-B55A-5783FBA7F176}.Debug|Any CPU.Build.0 = Debug|Any CPU
		{B3CA7A14-7246-425F-B55A-5783FBA7F176}.Debug|x86.ActiveCfg = Debug|Any CPU
		{B3CA7A14-7246-425F-B55A-5783FBA7F176}.Debug|x86.Build.0 = Debug|Any CPU
		{B3CA7A14-7246-425F-B55A-5783FBA7F176}.Release|Any CPU.ActiveCfg = Release|Any CPU
		{B3CA7A14-7246-425F-B55A-5783FBA7F176}.Release|Any CPU.Build.0 = Release|Any CPU
		{B3CA7A14-7246-425F-B55A-5783FBA7F176}.Release|x86.ActiveCfg = Release|Any CPU
		{B3CA7A14-7246-425F-B55A-5783FBA7F176}.Release|x86.Build.0 = Release|Any CPU
		{CABAC9B1-36CC-410C-9DFF-5D114BDA71FA}.Debug|Any CPU.ActiveCfg = Debug|Any CPU
		{CABAC9B1-36CC-410C-9DFF-5D114BDA71FA}.Debug|Any CPU.Build.0 = Debug|Any CPU
		{CABAC9B1-36CC-410C-9DFF-5D114BDA71FA}.Debug|x86.ActiveCfg = Debug|Any CPU
		{CABAC9B1-36CC-410C-9DFF-5D114BDA71FA}.Debug|x86.Build.0 = Debug|Any CPU
		{CABAC9B1-36CC-410C-9DFF-5D114BDA71FA}.Release|Any CPU.ActiveCfg = Release|Any CPU
		{CABAC9B1-36CC-410C-9DFF-5D114BDA71FA}.Release|Any CPU.Build.0 = Release|Any CPU
		{CABAC9B1-36CC-410C-9DFF-5D114BDA71FA}.Release|x86.ActiveCfg = Release|Any CPU
		{CABAC9B1-36CC-410C-9DFF-5D114BDA71FA}.Release|x86.Build.0 = Release|Any CPU
		{370452DC-0BC0-4EB0-9E69-60FAD3B57D4D}.Debug|Any CPU.ActiveCfg = Debug|Any CPU
		{370452DC-0BC0-4EB0-9E69-60FAD3B57D4D}.Debug|Any CPU.Build.0 = Debug|Any CPU
		{370452DC-0BC0-4EB0-9E69-60FAD3B57D4D}.Debug|x86.ActiveCfg = Debug|Any CPU
		{370452DC-0BC0-4EB0-9E69-60FAD3B57D4D}.Debug|x86.Build.0 = Debug|Any CPU
		{370452DC-0BC0-4EB0-9E69-60FAD3B57D4D}.Release|Any CPU.ActiveCfg = Release|Any CPU
		{370452DC-0BC0-4EB0-9E69-60FAD3B57D4D}.Release|Any CPU.Build.0 = Release|Any CPU
		{370452DC-0BC0-4EB0-9E69-60FAD3B57D4D}.Release|x86.ActiveCfg = Release|Any CPU
		{370452DC-0BC0-4EB0-9E69-60FAD3B57D4D}.Release|x86.Build.0 = Release|Any CPU
		{871154D7-75F4-481F-B64A-96FA1D7DD735}.Debug|Any CPU.ActiveCfg = Debug|Any CPU
		{871154D7-75F4-481F-B64A-96FA1D7DD735}.Debug|Any CPU.Build.0 = Debug|Any CPU
		{871154D7-75F4-481F-B64A-96FA1D7DD735}.Debug|x86.ActiveCfg = Debug|Any CPU
		{871154D7-75F4-481F-B64A-96FA1D7DD735}.Debug|x86.Build.0 = Debug|Any CPU
		{871154D7-75F4-481F-B64A-96FA1D7DD735}.Release|Any CPU.ActiveCfg = Release|Any CPU
		{871154D7-75F4-481F-B64A-96FA1D7DD735}.Release|Any CPU.Build.0 = Release|Any CPU
		{871154D7-75F4-481F-B64A-96FA1D7DD735}.Release|x86.ActiveCfg = Release|Any CPU
		{871154D7-75F4-481F-B64A-96FA1D7DD735}.Release|x86.Build.0 = Release|Any CPU
		{C2CBDDF1-574D-4CA9-8F5D-EA14DDAF50C1}.Debug|Any CPU.ActiveCfg = Debug|Any CPU
		{C2CBDDF1-574D-4CA9-8F5D-EA14DDAF50C1}.Debug|Any CPU.Build.0 = Debug|Any CPU
		{C2CBDDF1-574D-4CA9-8F5D-EA14DDAF50C1}.Debug|x86.ActiveCfg = Debug|Any CPU
		{C2CBDDF1-574D-4CA9-8F5D-EA14DDAF50C1}.Debug|x86.Build.0 = Debug|Any CPU
		{C2CBDDF1-574D-4CA9-8F5D-EA14DDAF50C1}.Release|Any CPU.ActiveCfg = Release|Any CPU
		{C2CBDDF1-574D-4CA9-8F5D-EA14DDAF50C1}.Release|Any CPU.Build.0 = Release|Any CPU
		{C2CBDDF1-574D-4CA9-8F5D-EA14DDAF50C1}.Release|x86.ActiveCfg = Release|Any CPU
		{C2CBDDF1-574D-4CA9-8F5D-EA14DDAF50C1}.Release|x86.Build.0 = Release|Any CPU
		{2BF4A0EF-3B84-4010-98E5-CC1A6A3A53C7}.Debug|Any CPU.ActiveCfg = Debug|Any CPU
		{2BF4A0EF-3B84-4010-98E5-CC1A6A3A53C7}.Debug|Any CPU.Build.0 = Debug|Any CPU
		{2BF4A0EF-3B84-4010-98E5-CC1A6A3A53C7}.Debug|x86.ActiveCfg = Debug|Any CPU
		{2BF4A0EF-3B84-4010-98E5-CC1A6A3A53C7}.Debug|x86.Build.0 = Debug|Any CPU
		{2BF4A0EF-3B84-4010-98E5-CC1A6A3A53C7}.Release|Any CPU.ActiveCfg = Release|Any CPU
		{2BF4A0EF-3B84-4010-98E5-CC1A6A3A53C7}.Release|Any CPU.Build.0 = Release|Any CPU
		{2BF4A0EF-3B84-4010-98E5-CC1A6A3A53C7}.Release|x86.ActiveCfg = Release|Any CPU
		{2BF4A0EF-3B84-4010-98E5-CC1A6A3A53C7}.Release|x86.Build.0 = Release|Any CPU
		{DA4BCDB3-2F73-45AE-9A57-FADF9E625FCF}.Debug|Any CPU.ActiveCfg = Debug|Any CPU
		{DA4BCDB3-2F73-45AE-9A57-FADF9E625FCF}.Debug|Any CPU.Build.0 = Debug|Any CPU
		{DA4BCDB3-2F73-45AE-9A57-FADF9E625FCF}.Debug|x86.ActiveCfg = Debug|Any CPU
		{DA4BCDB3-2F73-45AE-9A57-FADF9E625FCF}.Debug|x86.Build.0 = Debug|Any CPU
		{DA4BCDB3-2F73-45AE-9A57-FADF9E625FCF}.Release|Any CPU.ActiveCfg = Release|Any CPU
		{DA4BCDB3-2F73-45AE-9A57-FADF9E625FCF}.Release|Any CPU.Build.0 = Release|Any CPU
		{DA4BCDB3-2F73-45AE-9A57-FADF9E625FCF}.Release|x86.ActiveCfg = Release|Any CPU
		{DA4BCDB3-2F73-45AE-9A57-FADF9E625FCF}.Release|x86.Build.0 = Release|Any CPU
		{3CC749AB-5282-4116-91C4-502337AB307A}.Debug|Any CPU.ActiveCfg = Debug|Any CPU
		{3CC749AB-5282-4116-91C4-502337AB307A}.Debug|Any CPU.Build.0 = Debug|Any CPU
		{3CC749AB-5282-4116-91C4-502337AB307A}.Debug|x86.ActiveCfg = Debug|Any CPU
		{3CC749AB-5282-4116-91C4-502337AB307A}.Debug|x86.Build.0 = Debug|Any CPU
		{3CC749AB-5282-4116-91C4-502337AB307A}.Release|Any CPU.ActiveCfg = Release|Any CPU
		{3CC749AB-5282-4116-91C4-502337AB307A}.Release|Any CPU.Build.0 = Release|Any CPU
		{3CC749AB-5282-4116-91C4-502337AB307A}.Release|x86.ActiveCfg = Release|Any CPU
		{3CC749AB-5282-4116-91C4-502337AB307A}.Release|x86.Build.0 = Release|Any CPU
	EndGlobalSection
	GlobalSection(SolutionProperties) = preSolution
		HideSolutionNode = FALSE
	EndGlobalSection
	GlobalSection(NestedProjects) = preSolution
		{F8CB428B-E129-4283-9852-1FC5E826D9E2} = {FCA4C3B9-8F1F-48A6-91BB-3B658BEBA6F4}
		{51E76F9D-9035-4AFC-973E-B37BC472BF9C} = {1E6B5FA9-8C8E-4C68-B76D-4CF3999A1318}
		{B3CA7A14-7246-425F-B55A-5783FBA7F176} = {1E6B5FA9-8C8E-4C68-B76D-4CF3999A1318}
		{CABAC9B1-36CC-410C-9DFF-5D114BDA71FA} = {1E6B5FA9-8C8E-4C68-B76D-4CF3999A1318}
		{370452DC-0BC0-4EB0-9E69-60FAD3B57D4D} = {1E6B5FA9-8C8E-4C68-B76D-4CF3999A1318}
		{871154D7-75F4-481F-B64A-96FA1D7DD735} = {1E6B5FA9-8C8E-4C68-B76D-4CF3999A1318}
		{C2CBDDF1-574D-4CA9-8F5D-EA14DDAF50C1} = {1E6B5FA9-8C8E-4C68-B76D-4CF3999A1318}
		{2BF4A0EF-3B84-4010-98E5-CC1A6A3A53C7} = {1E6B5FA9-8C8E-4C68-B76D-4CF3999A1318}
		{DA4BCDB3-2F73-45AE-9A57-FADF9E625FCF} = {1E6B5FA9-8C8E-4C68-B76D-4CF3999A1318}
		{3CC749AB-5282-4116-91C4-502337AB307A} = {1E6B5FA9-8C8E-4C68-B76D-4CF3999A1318}
	EndGlobalSection
EndGlobal
